// !$*UTF8*$!
{
	archiveVersion = 1;
	classes = {
	};
	objectVersion = 56;
	objects = {

/* Begin PBXBuildFile section */
		CEB6E8A92AF8FD1400A905C4 /* OdeToChyApp.swift in Sources */ = {isa = PBXBuildFile; fileRef = CEB6E8A82AF8FD1400A905C4 /* OdeToChyApp.swift */; };
		CEB6E8AB2AF8FD1400A905C4 /* ContentView.swift in Sources */ = {isa = PBXBuildFile; fileRef = CEB6E8AA2AF8FD1400A905C4 /* ContentView.swift */; };
		CEB6E8AD2AF8FD1400A905C4 /* Item.swift in Sources */ = {isa = PBXBuildFile; fileRef = CEB6E8AC2AF8FD1400A905C4 /* Item.swift */; };
		CEB6E8AF2AF8FD1800A905C4 /* Assets.xcassets in Resources */ = {isa = PBXBuildFile; fileRef = CEB6E8AE2AF8FD1800A905C4 /* Assets.xcassets */; };
		CEB6E8B22AF8FD1800A905C4 /* Preview Assets.xcassets in Resources */ = {isa = PBXBuildFile; fileRef = CEB6E8B12AF8FD1800A905C4 /* Preview Assets.xcassets */; };
		CEB6E8BE2AF8FD1800A905C4 /* OdeToChyTests.swift in Sources */ = {isa = PBXBuildFile; fileRef = CEB6E8BD2AF8FD1800A905C4 /* OdeToChyTests.swift */; };
		CEB6E8C82AF8FD1800A905C4 /* OdeToChyUITests.swift in Sources */ = {isa = PBXBuildFile; fileRef = CEB6E8C72AF8FD1800A905C4 /* OdeToChyUITests.swift */; };
		CEB6E8CA2AF8FD1800A905C4 /* OdeToChyUITestsLaunchTests.swift in Sources */ = {isa = PBXBuildFile; fileRef = CEB6E8C92AF8FD1800A905C4 /* OdeToChyUITestsLaunchTests.swift */; };
/* End PBXBuildFile section */

/* Begin PBXContainerItemProxy section */
		CEB6E8BA2AF8FD1800A905C4 /* PBXContainerItemProxy */ = {
			isa = PBXContainerItemProxy;
			containerPortal = CEB6E89D2AF8FD1400A905C4 /* Project object */;
			proxyType = 1;
			remoteGlobalIDString = CEB6E8A42AF8FD1400A905C4;
			remoteInfo = OdeToChy;
		};
		CEB6E8C42AF8FD1800A905C4 /* PBXContainerItemProxy */ = {
			isa = PBXContainerItemProxy;
			containerPortal = CEB6E89D2AF8FD1400A905C4 /* Project object */;
			proxyType = 1;
			remoteGlobalIDString = CEB6E8A42AF8FD1400A905C4;
			remoteInfo = OdeToChy;
		};
/* End PBXContainerItemProxy section */

/* Begin PBXFileReference section */
		CEB6E8A52AF8FD1400A905C4 /* OdeToChy.app */ = {isa = PBXFileReference; explicitFileType = wrapper.application; includeInIndex = 0; path = OdeToChy.app; sourceTree = BUILT_PRODUCTS_DIR; };
		CEB6E8A82AF8FD1400A905C4 /* OdeToChyApp.swift */ = {isa = PBXFileReference; lastKnownFileType = sourcecode.swift; path = OdeToChyApp.swift; sourceTree = "<group>"; };
		CEB6E8AA2AF8FD1400A905C4 /* ContentView.swift */ = {isa = PBXFileReference; lastKnownFileType = sourcecode.swift; path = ContentView.swift; sourceTree = "<group>"; };
		CEB6E8AC2AF8FD1400A905C4 /* Item.swift */ = {isa = PBXFileReference; lastKnownFileType = sourcecode.swift; path = Item.swift; sourceTree = "<group>"; };
		CEB6E8AE2AF8FD1800A905C4 /* Assets.xcassets */ = {isa = PBXFileReference; lastKnownFileType = folder.assetcatalog; path = Assets.xcassets; sourceTree = "<group>"; };
		CEB6E8B12AF8FD1800A905C4 /* Preview Assets.xcassets */ = {isa = PBXFileReference; lastKnownFileType = folder.assetcatalog; path = "Preview Assets.xcassets"; sourceTree = "<group>"; };
		CEB6E8B32AF8FD1800A905C4 /* OdeToChy.entitlements */ = {isa = PBXFileReference; lastKnownFileType = text.plist.entitlements; path = OdeToChy.entitlements; sourceTree = "<group>"; };
		CEB6E8B42AF8FD1800A905C4 /* Info.plist */ = {isa = PBXFileReference; lastKnownFileType = text.plist.xml; path = Info.plist; sourceTree = "<group>"; };
		CEB6E8B92AF8FD1800A905C4 /* OdeToChyTests.xctest */ = {isa = PBXFileReference; explicitFileType = wrapper.cfbundle; includeInIndex = 0; path = OdeToChyTests.xctest; sourceTree = BUILT_PRODUCTS_DIR; };
		CEB6E8BD2AF8FD1800A905C4 /* OdeToChyTests.swift */ = {isa = PBXFileReference; lastKnownFileType = sourcecode.swift; path = OdeToChyTests.swift; sourceTree = "<group>"; };
		CEB6E8C32AF8FD1800A905C4 /* OdeToChyUITests.xctest */ = {isa = PBXFileReference; explicitFileType = wrapper.cfbundle; includeInIndex = 0; path = OdeToChyUITests.xctest; sourceTree = BUILT_PRODUCTS_DIR; };
		CEB6E8C72AF8FD1800A905C4 /* OdeToChyUITests.swift */ = {isa = PBXFileReference; lastKnownFileType = sourcecode.swift; path = OdeToChyUITests.swift; sourceTree = "<group>"; };
		CEB6E8C92AF8FD1800A905C4 /* OdeToChyUITestsLaunchTests.swift */ = {isa = PBXFileReference; lastKnownFileType = sourcecode.swift; path = OdeToChyUITestsLaunchTests.swift; sourceTree = "<group>"; };
/* End PBXFileReference section */

/* Begin PBXFrameworksBuildPhase section */
		CEB6E8A22AF8FD1400A905C4 /* Frameworks */ = {
			isa = PBXFrameworksBuildPhase;
			buildActionMask = 2147483647;
			files = (
			);
			runOnlyForDeploymentPostprocessing = 0;
		};
		CEB6E8B62AF8FD1800A905C4 /* Frameworks */ = {
			isa = PBXFrameworksBuildPhase;
			buildActionMask = 2147483647;
			files = (
			);
			runOnlyForDeploymentPostprocessing = 0;
		};
		CEB6E8C02AF8FD1800A905C4 /* Frameworks */ = {
			isa = PBXFrameworksBuildPhase;
			buildActionMask = 2147483647;
			files = (
			);
			runOnlyForDeploymentPostprocessing = 0;
		};
/* End PBXFrameworksBuildPhase section */

/* Begin PBXGroup section */
		CEB6E89C2AF8FD1400A905C4 = {
			isa = PBXGroup;
			children = (
				CEB6E8A72AF8FD1400A905C4 /* OdeToChy */,
				CEB6E8BC2AF8FD1800A905C4 /* OdeToChyTests */,
				CEB6E8C62AF8FD1800A905C4 /* OdeToChyUITests */,
				CEB6E8A62AF8FD1400A905C4 /* Products */,
			);
			sourceTree = "<group>";
		};
		CEB6E8A62AF8FD1400A905C4 /* Products */ = {
			isa = PBXGroup;
			children = (
				CEB6E8A52AF8FD1400A905C4 /* OdeToChy.app */,
				CEB6E8B92AF8FD1800A905C4 /* OdeToChyTests.xctest */,
				CEB6E8C32AF8FD1800A905C4 /* OdeToChyUITests.xctest */,
			);
			name = Products;
			sourceTree = "<group>";
		};
		CEB6E8A72AF8FD1400A905C4 /* OdeToChy */ = {
			isa = PBXGroup;
			children = (
				CEB6E8A82AF8FD1400A905C4 /* OdeToChyApp.swift */,
				CEB6E8AA2AF8FD1400A905C4 /* ContentView.swift */,
				CEB6E8AC2AF8FD1400A905C4 /* Item.swift */,
				CEB6E8AE2AF8FD1800A905C4 /* Assets.xcassets */,
				CEB6E8B32AF8FD1800A905C4 /* OdeToChy.entitlements */,
				CEB6E8B42AF8FD1800A905C4 /* Info.plist */,
				CEB6E8B02AF8FD1800A905C4 /* Preview Content */,
			);
			path = OdeToChy;
			sourceTree = "<group>";
		};
		CEB6E8B02AF8FD1800A905C4 /* Preview Content */ = {
			isa = PBXGroup;
			children = (
				CEB6E8B12AF8FD1800A905C4 /* Preview Assets.xcassets */,
			);
			path = "Preview Content";
			sourceTree = "<group>";
		};
		CEB6E8BC2AF8FD1800A905C4 /* OdeToChyTests */ = {
			isa = PBXGroup;
			children = (
				CEB6E8BD2AF8FD1800A905C4 /* OdeToChyTests.swift */,
			);
			path = OdeToChyTests;
			sourceTree = "<group>";
		};
		CEB6E8C62AF8FD1800A905C4 /* OdeToChyUITests */ = {
			isa = PBXGroup;
			children = (
				CEB6E8C72AF8FD1800A905C4 /* OdeToChyUITests.swift */,
				CEB6E8C92AF8FD1800A905C4 /* OdeToChyUITestsLaunchTests.swift */,
			);
			path = OdeToChyUITests;
			sourceTree = "<group>";
		};
/* End PBXGroup section */

/* Begin PBXNativeTarget section */
		CEB6E8A42AF8FD1400A905C4 /* OdeToChy */ = {
			isa = PBXNativeTarget;
			buildConfigurationList = CEB6E8CD2AF8FD1800A905C4 /* Build configuration list for PBXNativeTarget "OdeToChy" */;
			buildPhases = (
				CEB6E8A12AF8FD1400A905C4 /* Sources */,
				CEB6E8A22AF8FD1400A905C4 /* Frameworks */,
				CEB6E8A32AF8FD1400A905C4 /* Resources */,
			);
			buildRules = (
			);
			dependencies = (
			);
			name = OdeToChy;
			productName = OdeToChy;
			productReference = CEB6E8A52AF8FD1400A905C4 /* OdeToChy.app */;
			productType = "com.apple.product-type.application";
		};
		CEB6E8B82AF8FD1800A905C4 /* OdeToChyTests */ = {
			isa = PBXNativeTarget;
			buildConfigurationList = CEB6E8D02AF8FD1800A905C4 /* Build configuration list for PBXNativeTarget "OdeToChyTests" */;
			buildPhases = (
				CEB6E8B52AF8FD1800A905C4 /* Sources */,
				CEB6E8B62AF8FD1800A905C4 /* Frameworks */,
				CEB6E8B72AF8FD1800A905C4 /* Resources */,
			);
			buildRules = (
			);
			dependencies = (
				CEB6E8BB2AF8FD1800A905C4 /* PBXTargetDependency */,
			);
			name = OdeToChyTests;
			productName = OdeToChyTests;
			productReference = CEB6E8B92AF8FD1800A905C4 /* OdeToChyTests.xctest */;
			productType = "com.apple.product-type.bundle.unit-test";
		};
		CEB6E8C22AF8FD1800A905C4 /* OdeToChyUITests */ = {
			isa = PBXNativeTarget;
			buildConfigurationList = CEB6E8D32AF8FD1800A905C4 /* Build configuration list for PBXNativeTarget "OdeToChyUITests" */;
			buildPhases = (
				CEB6E8BF2AF8FD1800A905C4 /* Sources */,
				CEB6E8C02AF8FD1800A905C4 /* Frameworks */,
				CEB6E8C12AF8FD1800A905C4 /* Resources */,
			);
			buildRules = (
			);
			dependencies = (
				CEB6E8C52AF8FD1800A905C4 /* PBXTargetDependency */,
			);
			name = OdeToChyUITests;
			productName = OdeToChyUITests;
			productReference = CEB6E8C32AF8FD1800A905C4 /* OdeToChyUITests.xctest */;
			productType = "com.apple.product-type.bundle.ui-testing";
		};
/* End PBXNativeTarget section */

/* Begin PBXProject section */
		CEB6E89D2AF8FD1400A905C4 /* Project object */ = {
			isa = PBXProject;
			attributes = {
				BuildIndependentTargetsInParallel = 1;
				LastSwiftUpdateCheck = 1500;
				LastUpgradeCheck = 1500;
				TargetAttributes = {
					CEB6E8A42AF8FD1400A905C4 = {
						CreatedOnToolsVersion = 15.0.1;
					};
					CEB6E8B82AF8FD1800A905C4 = {
						CreatedOnToolsVersion = 15.0.1;
						TestTargetID = CEB6E8A42AF8FD1400A905C4;
					};
					CEB6E8C22AF8FD1800A905C4 = {
						CreatedOnToolsVersion = 15.0.1;
						TestTargetID = CEB6E8A42AF8FD1400A905C4;
					};
				};
			};
			buildConfigurationList = CEB6E8A02AF8FD1400A905C4 /* Build configuration list for PBXProject "OdeToChy" */;
			compatibilityVersion = "Xcode 14.0";
			developmentRegion = en;
			hasScannedForEncodings = 0;
			knownRegions = (
				en,
				Base,
			);
			mainGroup = CEB6E89C2AF8FD1400A905C4;
			productRefGroup = CEB6E8A62AF8FD1400A905C4 /* Products */;
			projectDirPath = "";
			projectRoot = "";
			targets = (
				CEB6E8A42AF8FD1400A905C4 /* OdeToChy */,
				CEB6E8B82AF8FD1800A905C4 /* OdeToChyTests */,
				CEB6E8C22AF8FD1800A905C4 /* OdeToChyUITests */,
			);
		};
/* End PBXProject section */

/* Begin PBXResourcesBuildPhase section */
		CEB6E8A32AF8FD1400A905C4 /* Resources */ = {
			isa = PBXResourcesBuildPhase;
			buildActionMask = 2147483647;
			files = (
				CEB6E8B22AF8FD1800A905C4 /* Preview Assets.xcassets in Resources */,
				CEB6E8AF2AF8FD1800A905C4 /* Assets.xcassets in Resources */,
			);
			runOnlyForDeploymentPostprocessing = 0;
		};
		CEB6E8B72AF8FD1800A905C4 /* Resources */ = {
			isa = PBXResourcesBuildPhase;
			buildActionMask = 2147483647;
			files = (
			);
			runOnlyForDeploymentPostprocessing = 0;
		};
		CEB6E8C12AF8FD1800A905C4 /* Resources */ = {
			isa = PBXResourcesBuildPhase;
			buildActionMask = 2147483647;
			files = (
			);
			runOnlyForDeploymentPostprocessing = 0;
		};
/* End PBXResourcesBuildPhase section */

/* Begin PBXSourcesBuildPhase section */
		CEB6E8A12AF8FD1400A905C4 /* Sources */ = {
			isa = PBXSourcesBuildPhase;
			buildActionMask = 2147483647;
			files = (
				CEB6E8AB2AF8FD1400A905C4 /* ContentView.swift in Sources */,
				CEB6E8AD2AF8FD1400A905C4 /* Item.swift in Sources */,
				CEB6E8A92AF8FD1400A905C4 /* OdeToChyApp.swift in Sources */,
			);
			runOnlyForDeploymentPostprocessing = 0;
		};
		CEB6E8B52AF8FD1800A905C4 /* Sources */ = {
			isa = PBXSourcesBuildPhase;
			buildActionMask = 2147483647;
			files = (
				CEB6E8BE2AF8FD1800A905C4 /* OdeToChyTests.swift in Sources */,
			);
			runOnlyForDeploymentPostprocessing = 0;
		};
		CEB6E8BF2AF8FD1800A905C4 /* Sources */ = {
			isa = PBXSourcesBuildPhase;
			buildActionMask = 2147483647;
			files = (
				CEB6E8CA2AF8FD1800A905C4 /* OdeToChyUITestsLaunchTests.swift in Sources */,
				CEB6E8C82AF8FD1800A905C4 /* OdeToChyUITests.swift in Sources */,
			);
			runOnlyForDeploymentPostprocessing = 0;
		};
/* End PBXSourcesBuildPhase section */

/* Begin PBXTargetDependency section */
		CEB6E8BB2AF8FD1800A905C4 /* PBXTargetDependency */ = {
			isa = PBXTargetDependency;
			target = CEB6E8A42AF8FD1400A905C4 /* OdeToChy */;
			targetProxy = CEB6E8BA2AF8FD1800A905C4 /* PBXContainerItemProxy */;
		};
		CEB6E8C52AF8FD1800A905C4 /* PBXTargetDependency */ = {
			isa = PBXTargetDependency;
			target = CEB6E8A42AF8FD1400A905C4 /* OdeToChy */;
			targetProxy = CEB6E8C42AF8FD1800A905C4 /* PBXContainerItemProxy */;
		};
/* End PBXTargetDependency section */

/* Begin XCBuildConfiguration section */
		CEB6E8CB2AF8FD1800A905C4 /* Debug */ = {
			isa = XCBuildConfiguration;
			buildSettings = {
				ALWAYS_SEARCH_USER_PATHS = NO;
				ASSETCATALOG_COMPILER_GENERATE_SWIFT_ASSET_SYMBOL_EXTENSIONS = YES;
				CLANG_ANALYZER_NONNULL = YES;
				CLANG_ANALYZER_NUMBER_OBJECT_CONVERSION = YES_AGGRESSIVE;
				CLANG_CXX_LANGUAGE_STANDARD = "gnu++20";
				CLANG_ENABLE_MODULES = YES;
				CLANG_ENABLE_OBJC_ARC = YES;
				CLANG_ENABLE_OBJC_WEAK = YES;
				CLANG_WARN_BLOCK_CAPTURE_AUTORELEASING = YES;
				CLANG_WARN_BOOL_CONVERSION = YES;
				CLANG_WARN_COMMA = YES;
				CLANG_WARN_CONSTANT_CONVERSION = YES;
				CLANG_WARN_DEPRECATED_OBJC_IMPLEMENTATIONS = YES;
				CLANG_WARN_DIRECT_OBJC_ISA_USAGE = YES_ERROR;
				CLANG_WARN_DOCUMENTATION_COMMENTS = YES;
				CLANG_WARN_EMPTY_BODY = YES;
				CLANG_WARN_ENUM_CONVERSION = YES;
				CLANG_WARN_INFINITE_RECURSION = YES;
				CLANG_WARN_INT_CONVERSION = YES;
				CLANG_WARN_NON_LITERAL_NULL_CONVERSION = YES;
				CLANG_WARN_OBJC_IMPLICIT_RETAIN_SELF = YES;
				CLANG_WARN_OBJC_LITERAL_CONVERSION = YES;
				CLANG_WARN_OBJC_ROOT_CLASS = YES_ERROR;
				CLANG_WARN_QUOTED_INCLUDE_IN_FRAMEWORK_HEADER = YES;
				CLANG_WARN_RANGE_LOOP_ANALYSIS = YES;
				CLANG_WARN_STRICT_PROTOTYPES = YES;
				CLANG_WARN_SUSPICIOUS_MOVE = YES;
				CLANG_WARN_UNGUARDED_AVAILABILITY = YES_AGGRESSIVE;
				CLANG_WARN_UNREACHABLE_CODE = YES;
				CLANG_WARN__DUPLICATE_METHOD_MATCH = YES;
				COPY_PHASE_STRIP = NO;
				DEBUG_INFORMATION_FORMAT = dwarf;
				ENABLE_STRICT_OBJC_MSGSEND = YES;
				ENABLE_TESTABILITY = YES;
				ENABLE_USER_SCRIPT_SANDBOXING = YES;
				GCC_C_LANGUAGE_STANDARD = gnu17;
				GCC_DYNAMIC_NO_PIC = NO;
				GCC_NO_COMMON_BLOCKS = YES;
				GCC_OPTIMIZATION_LEVEL = 0;
				GCC_PREPROCESSOR_DEFINITIONS = (
					"DEBUG=1",
					"$(inherited)",
				);
				GCC_WARN_64_TO_32_BIT_CONVERSION = YES;
				GCC_WARN_ABOUT_RETURN_TYPE = YES_ERROR;
				GCC_WARN_UNDECLARED_SELECTOR = YES;
				GCC_WARN_UNINITIALIZED_AUTOS = YES_AGGRESSIVE;
				GCC_WARN_UNUSED_FUNCTION = YES;
				GCC_WARN_UNUSED_VARIABLE = YES;
				IPHONEOS_DEPLOYMENT_TARGET = 17.0;
				LOCALIZATION_PREFERS_STRING_CATALOGS = YES;
				MTL_ENABLE_DEBUG_INFO = INCLUDE_SOURCE;
				MTL_FAST_MATH = YES;
				ONLY_ACTIVE_ARCH = YES;
				SDKROOT = iphoneos;
				SWIFT_ACTIVE_COMPILATION_CONDITIONS = "DEBUG $(inherited)";
				SWIFT_OPTIMIZATION_LEVEL = "-Onone";
			};
			name = Debug;
		};
		CEB6E8CC2AF8FD1800A905C4 /* Release */ = {
			isa = XCBuildConfiguration;
			buildSettings = {
				ALWAYS_SEARCH_USER_PATHS = NO;
				ASSETCATALOG_COMPILER_GENERATE_SWIFT_ASSET_SYMBOL_EXTENSIONS = YES;
				CLANG_ANALYZER_NONNULL = YES;
				CLANG_ANALYZER_NUMBER_OBJECT_CONVERSION = YES_AGGRESSIVE;
				CLANG_CXX_LANGUAGE_STANDARD = "gnu++20";
				CLANG_ENABLE_MODULES = YES;
				CLANG_ENABLE_OBJC_ARC = YES;
				CLANG_ENABLE_OBJC_WEAK = YES;
				CLANG_WARN_BLOCK_CAPTURE_AUTORELEASING = YES;
				CLANG_WARN_BOOL_CONVERSION = YES;
				CLANG_WARN_COMMA = YES;
				CLANG_WARN_CONSTANT_CONVERSION = YES;
				CLANG_WARN_DEPRECATED_OBJC_IMPLEMENTATIONS = YES;
				CLANG_WARN_DIRECT_OBJC_ISA_USAGE = YES_ERROR;
				CLANG_WARN_DOCUMENTATION_COMMENTS = YES;
				CLANG_WARN_EMPTY_BODY = YES;
				CLANG_WARN_ENUM_CONVERSION = YES;
				CLANG_WARN_INFINITE_RECURSION = YES;
				CLANG_WARN_INT_CONVERSION = YES;
				CLANG_WARN_NON_LITERAL_NULL_CONVERSION = YES;
				CLANG_WARN_OBJC_IMPLICIT_RETAIN_SELF = YES;
				CLANG_WARN_OBJC_LITERAL_CONVERSION = YES;
				CLANG_WARN_OBJC_ROOT_CLASS = YES_ERROR;
				CLANG_WARN_QUOTED_INCLUDE_IN_FRAMEWORK_HEADER = YES;
				CLANG_WARN_RANGE_LOOP_ANALYSIS = YES;
				CLANG_WARN_STRICT_PROTOTYPES = YES;
				CLANG_WARN_SUSPICIOUS_MOVE = YES;
				CLANG_WARN_UNGUARDED_AVAILABILITY = YES_AGGRESSIVE;
				CLANG_WARN_UNREACHABLE_CODE = YES;
				CLANG_WARN__DUPLICATE_METHOD_MATCH = YES;
				COPY_PHASE_STRIP = NO;
				DEBUG_INFORMATION_FORMAT = "dwarf-with-dsym";
				ENABLE_NS_ASSERTIONS = NO;
				ENABLE_STRICT_OBJC_MSGSEND = YES;
				ENABLE_USER_SCRIPT_SANDBOXING = YES;
				GCC_C_LANGUAGE_STANDARD = gnu17;
				GCC_NO_COMMON_BLOCKS = YES;
				GCC_WARN_64_TO_32_BIT_CONVERSION = YES;
				GCC_WARN_ABOUT_RETURN_TYPE = YES_ERROR;
				GCC_WARN_UNDECLARED_SELECTOR = YES;
				GCC_WARN_UNINITIALIZED_AUTOS = YES_AGGRESSIVE;
				GCC_WARN_UNUSED_FUNCTION = YES;
				GCC_WARN_UNUSED_VARIABLE = YES;
				IPHONEOS_DEPLOYMENT_TARGET = 17.0;
				LOCALIZATION_PREFERS_STRING_CATALOGS = YES;
				MTL_ENABLE_DEBUG_INFO = NO;
				MTL_FAST_MATH = YES;
				SDKROOT = iphoneos;
				SWIFT_COMPILATION_MODE = wholemodule;
				VALIDATE_PRODUCT = YES;
			};
			name = Release;
		};
		CEB6E8CE2AF8FD1800A905C4 /* Debug */ = {
			isa = XCBuildConfiguration;
			buildSettings = {
				ASSETCATALOG_COMPILER_APPICON_NAME = AppIcon;
				ASSETCATALOG_COMPILER_GLOBAL_ACCENT_COLOR_NAME = AccentColor;
				CODE_SIGN_ENTITLEMENTS = OdeToChy/OdeToChy.entitlements;
				CODE_SIGN_STYLE = Automatic;
				CURRENT_PROJECT_VERSION = 1;
				DEVELOPMENT_ASSET_PATHS = "\"OdeToChy/Preview Content\"";
				DEVELOPMENT_TEAM = N7B25F7NJ8;
				ENABLE_PREVIEWS = YES;
				GENERATE_INFOPLIST_FILE = YES;
				INFOPLIST_FILE = OdeToChy/Info.plist;
				INFOPLIST_KEY_UIApplicationSceneManifest_Generation = YES;
				INFOPLIST_KEY_UIApplicationSupportsIndirectInputEvents = YES;
				INFOPLIST_KEY_UILaunchScreen_Generation = YES;
				INFOPLIST_KEY_UISupportedInterfaceOrientations_iPad = "UIInterfaceOrientationPortrait UIInterfaceOrientationPortraitUpsideDown UIInterfaceOrientationLandscapeLeft UIInterfaceOrientationLandscapeRight";
				INFOPLIST_KEY_UISupportedInterfaceOrientations_iPhone = "UIInterfaceOrientationPortrait UIInterfaceOrientationLandscapeLeft UIInterfaceOrientationLandscapeRight";
				LD_RUNPATH_SEARCH_PATHS = (
					"$(inherited)",
					"@executable_path/Frameworks",
				);
				MARKETING_VERSION = 1.0;
				PRODUCT_BUNDLE_IDENTIFIER = com.carrcodes.OdeToChy;
				PRODUCT_NAME = "$(TARGET_NAME)";
				SWIFT_EMIT_LOC_STRINGS = YES;
				SWIFT_VERSION = 5.0;
				TARGETED_DEVICE_FAMILY = "1,2";
			};
			name = Debug;
		};
		CEB6E8CF2AF8FD1800A905C4 /* Release */ = {
			isa = XCBuildConfiguration;
			buildSettings = {
				ASSETCATALOG_COMPILER_APPICON_NAME = AppIcon;
				ASSETCATALOG_COMPILER_GLOBAL_ACCENT_COLOR_NAME = AccentColor;
				CODE_SIGN_ENTITLEMENTS = OdeToChy/OdeToChy.entitlements;
				CODE_SIGN_STYLE = Automatic;
				CURRENT_PROJECT_VERSION = 1;
				DEVELOPMENT_ASSET_PATHS = "\"OdeToChy/Preview Content\"";
				DEVELOPMENT_TEAM = N7B25F7NJ8;
				ENABLE_PREVIEWS = YES;
				GENERATE_INFOPLIST_FILE = YES;
				INFOPLIST_FILE = OdeToChy/Info.plist;
				INFOPLIST_KEY_UIApplicationSceneManifest_Generation = YES;
				INFOPLIST_KEY_UIApplicationSupportsIndirectInputEvents = YES;
				INFOPLIST_KEY_UILaunchScreen_Generation = YES;
				INFOPLIST_KEY_UISupportedInterfaceOrientations_iPad = "UIInterfaceOrientationPortrait UIInterfaceOrientationPortraitUpsideDown UIInterfaceOrientationLandscapeLeft UIInterfaceOrientationLandscapeRight";
				INFOPLIST_KEY_UISupportedInterfaceOrientations_iPhone = "UIInterfaceOrientationPortrait UIInterfaceOrientationLandscapeLeft UIInterfaceOrientationLandscapeRight";
				LD_RUNPATH_SEARCH_PATHS = (
					"$(inherited)",
					"@executable_path/Frameworks",
				);
				MARKETING_VERSION = 1.0;
				PRODUCT_BUNDLE_IDENTIFIER = com.carrcodes.OdeToChy;
				PRODUCT_NAME = "$(TARGET_NAME)";
				SWIFT_EMIT_LOC_STRINGS = YES;
				SWIFT_VERSION = 5.0;
				TARGETED_DEVICE_FAMILY = "1,2";
			};
			name = Release;
		};
		CEB6E8D12AF8FD1800A905C4 /* Debug */ = {
			isa = XCBuildConfiguration;
			buildSettings = {
				ALWAYS_EMBED_SWIFT_STANDARD_LIBRARIES = YES;
				BUNDLE_LOADER = "$(TEST_HOST)";
				CODE_SIGN_STYLE = Automatic;
				CURRENT_PROJECT_VERSION = 1;
				DEVELOPMENT_TEAM = N7B25F7NJ8;
				GENERATE_INFOPLIST_FILE = YES;
				IPHONEOS_DEPLOYMENT_TARGET = 17.0;
				MARKETING_VERSION = 1.0;
				PRODUCT_BUNDLE_IDENTIFIER = com.carrcodes.OdeToChyTests;
				PRODUCT_NAME = "$(TARGET_NAME)";
				SWIFT_EMIT_LOC_STRINGS = NO;
				SWIFT_VERSION = 5.0;
				TARGETED_DEVICE_FAMILY = "1,2";
				TEST_HOST = "$(BUILT_PRODUCTS_DIR)/OdeToChy.app/$(BUNDLE_EXECUTABLE_FOLDER_PATH)/OdeToChy";
			};
			name = Debug;
		};
		CEB6E8D22AF8FD1800A905C4 /* Release */ = {
			isa = XCBuildConfiguration;
			buildSettings = {
				ALWAYS_EMBED_SWIFT_STANDARD_LIBRARIES = YES;
				BUNDLE_LOADER = "$(TEST_HOST)";
				CODE_SIGN_STYLE = Automatic;
				CURRENT_PROJECT_VERSION = 1;
				DEVELOPMENT_TEAM = N7B25F7NJ8;
				GENERATE_INFOPLIST_FILE = YES;
				IPHONEOS_DEPLOYMENT_TARGET = 17.0;
				MARKETING_VERSION = 1.0;
				PRODUCT_BUNDLE_IDENTIFIER = com.carrcodes.OdeToChyTests;
				PRODUCT_NAME = "$(TARGET_NAME)";
				SWIFT_EMIT_LOC_STRINGS = NO;
				SWIFT_VERSION = 5.0;
				TARGETED_DEVICE_FAMILY = "1,2";
				TEST_HOST = "$(BUILT_PRODUCTS_DIR)/OdeToChy.app/$(BUNDLE_EXECUTABLE_FOLDER_PATH)/OdeToChy";
			};
			name = Release;
		};
		CEB6E8D42AF8FD1800A905C4 /* Debug */ = {
			isa = XCBuildConfiguration;
			buildSettings = {
				ALWAYS_EMBED_SWIFT_STANDARD_LIBRARIES = YES;
				CODE_SIGN_STYLE = Automatic;
				CURRENT_PROJECT_VERSION = 1;
				DEVELOPMENT_TEAM = N7B25F7NJ8;
				GENERATE_INFOPLIST_FILE = YES;
				MARKETING_VERSION = 1.0;
				PRODUCT_BUNDLE_IDENTIFIER = com.carrcodes.OdeToChyUITests;
				PRODUCT_NAME = "$(TARGET_NAME)";
				SWIFT_EMIT_LOC_STRINGS = NO;
				SWIFT_VERSION = 5.0;
				TARGETED_DEVICE_FAMILY = "1,2";
				TEST_TARGET_NAME = OdeToChy;
			};
			name = Debug;
		};
		CEB6E8D52AF8FD1800A905C4 /* Release */ = {
			isa = XCBuildConfiguration;
			buildSettings = {
				ALWAYS_EMBED_SWIFT_STANDARD_LIBRARIES = YES;
				CODE_SIGN_STYLE = Automatic;
				CURRENT_PROJECT_VERSION = 1;
				DEVELOPMENT_TEAM = N7B25F7NJ8;
				GENERATE_INFOPLIST_FILE = YES;
				MARKETING_VERSION = 1.0;
				PRODUCT_BUNDLE_IDENTIFIER = com.carrcodes.OdeToChyUITests;
				PRODUCT_NAME = "$(TARGET_NAME)";
				SWIFT_EMIT_LOC_STRINGS = NO;
				SWIFT_VERSION = 5.0;
				TARGETED_DEVICE_FAMILY = "1,2";
				TEST_TARGET_NAME = OdeToChy;
			};
			name = Release;
		};
/* End XCBuildConfiguration section */

/* Begin XCConfigurationList section */
		CEB6E8A02AF8FD1400A905C4 /* Build configuration list for PBXProject "OdeToChy" */ = {
			isa = XCConfigurationList;
			buildConfigurations = (
				CEB6E8CB2AF8FD1800A905C4 /* Debug */,
				CEB6E8CC2AF8FD1800A905C4 /* Release */,
			);
			defaultConfigurationIsVisible = 0;
			defaultConfigurationName = Release;
		};
		CEB6E8CD2AF8FD1800A905C4 /* Build configuration list for PBXNativeTarget "OdeToChy" */ = {
			isa = XCConfigurationList;
			buildConfigurations = (
				CEB6E8CE2AF8FD1800A905C4 /* Debug */,
				CEB6E8CF2AF8FD1800A905C4 /* Release */,
			);
			defaultConfigurationIsVisible = 0;
			defaultConfigurationName = Release;
		};
		CEB6E8D02AF8FD1800A905C4 /* Build configuration list for PBXNativeTarget "OdeToChyTests" */ = {
			isa = XCConfigurationList;
			buildConfigurations = (
				CEB6E8D12AF8FD1800A905C4 /* Debug */,
				CEB6E8D22AF8FD1800A905C4 /* Release */,
			);
			defaultConfigurationIsVisible = 0;
			defaultConfigurationName = Release;
		};
		CEB6E8D32AF8FD1800A905C4 /* Build configuration list for PBXNativeTarget "OdeToChyUITests" */ = {
			isa = XCConfigurationList;
			buildConfigurations = (
				CEB6E8D42AF8FD1800A905C4 /* Debug */,
				CEB6E8D52AF8FD1800A905C4 /* Release */,
			);
			defaultConfigurationIsVisible = 0;
			defaultConfigurationName = Release;
		};
/* End XCConfigurationList section */
	};
	rootObject = CEB6E89D2AF8FD1400A905C4 /* Project object */;
}
